{
  "name": "ypvApp",
  "version": "1.1.1",
  "lockfileVersion": 1,
  "requires": true,
  "dependencies": {
    "cordova-plugin-market": {
      "version": "git+https://github.com/xmartlabs/cordova-plugin-market.git#44b058abf668c0f810389d96598579ef729853b4",
      "from": "git+https://github.com/xmartlabs/cordova-plugin-market.git"
    }
  }
}
